
Microsoft Visual Studio Solution File, Format Version 12.00
# Visual Studio Version 16
VisualStudioVersion = 16.0.31321.278
MinimumVisualStudioVersion = 10.0.40219.1
Project("{FAE04EC0-301F-11D3-BF4B-00C04F79EFBC}") = "Controle de Tarefas", "Controle de Tarefas\Controle de Tarefas.csproj", "{98A550D8-3AD8-4514-8B6E-74BB689F9304}"
EndProject
Global
	GlobalSection(SolutionConfigurationPlatforms) = preSolution
		Debug|Any CPU = Debug|Any CPU
		Release|Any CPU = Release|Any CPU
	EndGlobalSection
	GlobalSection(ProjectConfigurationPlatforms) = postSolution
		{98A550D8-3AD8-4514-8B6E-74BB689F9304}.Debug|Any CPU.ActiveCfg = Debug|Any CPU
		{98A550D8-3AD8-4514-8B6E-74BB689F9304}.Debug|Any CPU.Build.0 = Debug|Any CPU
		{98A550D8-3AD8-4514-8B6E-74BB689F9304}.Release|Any CPU.ActiveCfg = Release|Any CPU
		{98A550D8-3AD8-4514-8B6E-74BB689F9304}.Release|Any CPU.Build.0 = Release|Any CPU
	EndGlobalSection
	GlobalSection(SolutionProperties) = preSolution
		HideSolutionNode = FALSE
	EndGlobalSection
	GlobalSection(ExtensibilityGlobals) = postSolution
		SolutionGuid = {842061D9-5B99-4694-AD6E-80D303DAD87A}
	EndGlobalSection
EndGlobal
