
Microsoft Visual Studio Solution File, Format Version 12.00
# Visual Studio Version 16
VisualStudioVersion = 16.0.31321.278
MinimumVisualStudioVersion = 10.0.40219.1
Project("{FAE04EC0-301F-11D3-BF4B-00C04F79EFBC}") = "Controle de Tarefas", "Controle de Tarefas\Controle de Tarefas.csproj", "{98A550D8-3AD8-4514-8B6E-74BB689F9304}"
EndProject
Project("{00D1A9C2-B5F0-4AF3-8072-F6C62B433612}") = "ControleTarefas.DB", "ControleTarefas.DB\ControleTarefas.DB.sqlproj", "{BCAF20F5-C62D-4743-B27A-5123BF32E6F9}"
EndProject
Project("{FAE04EC0-301F-11D3-BF4B-00C04F79EFBC}") = "UnitTestProject", "UnitTestProject\UnitTestProject.csproj", "{4B8C77AD-B7BE-4EFA-A0EB-AA5BEDAC56D3}"
EndProject
Global
	GlobalSection(SolutionConfigurationPlatforms) = preSolution
		Debug|Any CPU = Debug|Any CPU
		Release|Any CPU = Release|Any CPU
	EndGlobalSection
	GlobalSection(ProjectConfigurationPlatforms) = postSolution
		{98A550D8-3AD8-4514-8B6E-74BB689F9304}.Debug|Any CPU.ActiveCfg = Debug|Any CPU
		{98A550D8-3AD8-4514-8B6E-74BB689F9304}.Debug|Any CPU.Build.0 = Debug|Any CPU
		{98A550D8-3AD8-4514-8B6E-74BB689F9304}.Release|Any CPU.ActiveCfg = Release|Any CPU
		{98A550D8-3AD8-4514-8B6E-74BB689F9304}.Release|Any CPU.Build.0 = Release|Any CPU
		{BCAF20F5-C62D-4743-B27A-5123BF32E6F9}.Debug|Any CPU.ActiveCfg = Debug|Any CPU
		{BCAF20F5-C62D-4743-B27A-5123BF32E6F9}.Debug|Any CPU.Build.0 = Debug|Any CPU
		{BCAF20F5-C62D-4743-B27A-5123BF32E6F9}.Debug|Any CPU.Deploy.0 = Debug|Any CPU
		{BCAF20F5-C62D-4743-B27A-5123BF32E6F9}.Release|Any CPU.ActiveCfg = Release|Any CPU
		{BCAF20F5-C62D-4743-B27A-5123BF32E6F9}.Release|Any CPU.Build.0 = Release|Any CPU
		{BCAF20F5-C62D-4743-B27A-5123BF32E6F9}.Release|Any CPU.Deploy.0 = Release|Any CPU
		{4B8C77AD-B7BE-4EFA-A0EB-AA5BEDAC56D3}.Debug|Any CPU.ActiveCfg = Debug|Any CPU
		{4B8C77AD-B7BE-4EFA-A0EB-AA5BEDAC56D3}.Debug|Any CPU.Build.0 = Debug|Any CPU
		{4B8C77AD-B7BE-4EFA-A0EB-AA5BEDAC56D3}.Release|Any CPU.ActiveCfg = Release|Any CPU
		{4B8C77AD-B7BE-4EFA-A0EB-AA5BEDAC56D3}.Release|Any CPU.Build.0 = Release|Any CPU
	EndGlobalSection
	GlobalSection(SolutionProperties) = preSolution
		HideSolutionNode = FALSE
	EndGlobalSection
	GlobalSection(ExtensibilityGlobals) = postSolution
		SolutionGuid = {842061D9-5B99-4694-AD6E-80D303DAD87A}
	EndGlobalSection
EndGlobal
